
Microsoft Visual Studio Solution File, Format Version 12.00
# Visual Studio Version 16
VisualStudioVersion = 16.0.29911.84
MinimumVisualStudioVersion = 10.0.40219.1
Project("{FAE04EC0-301F-11D3-BF4B-00C04F79EFBC}") = "Poker.Core", "Poker.Core\Poker.Core.csproj", "{75C6E929-B097-4C46-A90C-EF4106C066E7}"
EndProject
Project("{2150E333-8FDC-42A3-9474-1A3956D46DE8}") = "Tests", "Tests", "{257D493C-F17B-4675-B9F9-167F401BB453}"
EndProject
Project("{FAE04EC0-301F-11D3-BF4B-00C04F79EFBC}") = "Poker.Test", "Poker.Test\Poker.Test.csproj", "{486BD7F3-ED92-4784-AB98-171E5D258EF7}"
EndProject
Global
	GlobalSection(SolutionConfigurationPlatforms) = preSolution
		Debug|Any CPU = Debug|Any CPU
		Release|Any CPU = Release|Any CPU
	EndGlobalSection
	GlobalSection(ProjectConfigurationPlatforms) = postSolution
		{75C6E929-B097-4C46-A90C-EF4106C066E7}.Debug|Any CPU.ActiveCfg = Debug|Any CPU
		{75C6E929-B097-4C46-A90C-EF4106C066E7}.Debug|Any CPU.Build.0 = Debug|Any CPU
		{75C6E929-B097-4C46-A90C-EF4106C066E7}.Release|Any CPU.ActiveCfg = Release|Any CPU
		{75C6E929-B097-4C46-A90C-EF4106C066E7}.Release|Any CPU.Build.0 = Release|Any CPU
		{486BD7F3-ED92-4784-AB98-171E5D258EF7}.Debug|Any CPU.ActiveCfg = Debug|Any CPU
		{486BD7F3-ED92-4784-AB98-171E5D258EF7}.Debug|Any CPU.Build.0 = Debug|Any CPU
		{486BD7F3-ED92-4784-AB98-171E5D258EF7}.Release|Any CPU.ActiveCfg = Release|Any CPU
		{486BD7F3-ED92-4784-AB98-171E5D258EF7}.Release|Any CPU.Build.0 = Release|Any CPU
	EndGlobalSection
	GlobalSection(SolutionProperties) = preSolution
		HideSolutionNode = FALSE
	EndGlobalSection
	GlobalSection(NestedProjects) = preSolution
		{486BD7F3-ED92-4784-AB98-171E5D258EF7} = {257D493C-F17B-4675-B9F9-167F401BB453}
	EndGlobalSection
	GlobalSection(ExtensibilityGlobals) = postSolution
		SolutionGuid = {DE87B93D-A7E9-487C-BFDD-61AC2FAAA635}
	EndGlobalSection
EndGlobal
